<?xml version="1.0" encoding="utf-8"?>
<Project ToolsVersion="4.0" xmlns="http://schemas.microsoft.com/developer/msbuild/2003">
  <ItemGroup>
    <Filter Include="Source Files">
      <UniqueIdentifier>{4FC737F1-C7A5-4376-A066-2A32D752A2FF}</UniqueIdentifier>
      <Extensions>cpp;c;cc;cxx;def;odl;idl;hpj;bat;asm;asmx</Extensions>
    </Filter>
    <Filter Include="Header Files">
      <UniqueIdentifier>{93995380-89BD-4b04-88EB-625FBE52EBFB}</UniqueIdentifier>
      <Extensions>h;hh;hpp;hxx;hm;inl;inc;ipp;xsd</Extensions>
    </Filter>
    <Filter Include="Resource Files">
      <UniqueIdentifier>{67DA6AB6-F800-4c08-8B7A-83BB121AAD01}</UniqueIdentifier>
      <Extensions>rc;ico;cur;bmp;dlg;rc2;rct;bin;rgs;gif;jpg;jpeg;jpe;resx;tiff;tif;png;wav;mfcribbon-ms</Extensions>
    </Filter>
    <Filter Include="tgbot">
      <UniqueIdentifier>{dccea085-66ef-4ff5-86f7-adb145a08508}</UniqueIdentifier>
    </Filter>
    <Filter Include="tgbot\net">
      <UniqueIdentifier>{5976fc57-83e2-40a2-8293-34bbd57fd147}</UniqueIdentifier>
    </Filter>
    <Filter Include="tgbot\tools">
      <UniqueIdentifier>{0069d39c-38bc-4394-8d95-28421ab9cb78}</UniqueIdentifier>
    </Filter>
    <Filter Include="tgbot\types">
      <UniqueIdentifier>{b9c5f47b-9b8c-4322-bc4c-00831c33c5cd}</UniqueIdentifier>
    </Filter>
  </ItemGroup>
  <ItemGroup>
    <ClCompile Include="TelegramTest.cpp">
      <Filter>Source Files</Filter>
    </ClCompile>
  </ItemGroup>
  <ItemGroup>
    <ClInclude Include="..\..\..\..\..\UtilsProgrammerDir\myInclude\tgbot\Api.h">
      <Filter>tgbot</Filter>
    </ClInclude>
    <ClInclude Include="..\..\..\..\..\UtilsProgrammerDir\myInclude\tgbot\Bot.h">
      <Filter>tgbot</Filter>
    </ClInclude>
    <ClInclude Include="..\..\..\..\..\UtilsProgrammerDir\myInclude\tgbot\EventBroadcaster.h">
      <Filter>tgbot</Filter>
    </ClInclude>
    <ClInclude Include="..\..\..\..\..\UtilsProgrammerDir\myInclude\tgbot\EventHandler.h">
      <Filter>tgbot</Filter>
    </ClInclude>
    <ClInclude Include="..\..\..\..\..\UtilsProgrammerDir\myInclude\tgbot\tgbot.h">
      <Filter>tgbot</Filter>
    </ClInclude>
    <ClInclude Include="..\..\..\..\..\UtilsProgrammerDir\myInclude\tgbot\TgException.h">
      <Filter>tgbot</Filter>
    </ClInclude>
    <ClInclude Include="..\..\..\..\..\UtilsProgrammerDir\myInclude\tgbot\TgTypeParser.h">
      <Filter>tgbot</Filter>
    </ClInclude>
    <ClInclude Include="..\..\..\..\..\UtilsProgrammerDir\myInclude\tgbot\net\BoostHttpOnlySslClient.h">
      <Filter>tgbot\net</Filter>
    </ClInclude>
    <ClInclude Include="..\..\..\..\..\UtilsProgrammerDir\myInclude\tgbot\net\CurlHttpClient.h">
      <Filter>tgbot\net</Filter>
    </ClInclude>
    <ClInclude Include="..\..\..\..\..\UtilsProgrammerDir\myInclude\tgbot\net\HttpClient.h">
      <Filter>tgbot\net</Filter>
    </ClInclude>
    <ClInclude Include="..\..\..\..\..\UtilsProgrammerDir\myInclude\tgbot\net\HttpParser.h">
      <Filter>tgbot\net</Filter>
    </ClInclude>
    <ClInclude Include="..\..\..\..\..\UtilsProgrammerDir\myInclude\tgbot\net\HttpReqArg.h">
      <Filter>tgbot\net</Filter>
    </ClInclude>
    <ClInclude Include="..\..\..\..\..\UtilsProgrammerDir\myInclude\tgbot\net\HttpServer.h">
      <Filter>tgbot\net</Filter>
    </ClInclude>
    <ClInclude Include="..\..\..\..\..\UtilsProgrammerDir\myInclude\tgbot\net\TgLongPoll.h">
      <Filter>tgbot\net</Filter>
    </ClInclude>
    <ClInclude Include="..\..\..\..\..\UtilsProgrammerDir\myInclude\tgbot\net\TgWebhookLocalServer.h">
      <Filter>tgbot\net</Filter>
    </ClInclude>
    <ClInclude Include="..\..\..\..\..\UtilsProgrammerDir\myInclude\tgbot\net\TgWebhookServer.h">
      <Filter>tgbot\net</Filter>
    </ClInclude>
    <ClInclude Include="..\..\..\..\..\UtilsProgrammerDir\myInclude\tgbot\net\TgWebhookTcpServer.h">
      <Filter>tgbot\net</Filter>
    </ClInclude>
    <ClInclude Include="..\..\..\..\..\UtilsProgrammerDir\myInclude\tgbot\net\Url.h">
      <Filter>tgbot\net</Filter>
    </ClInclude>
    <ClInclude Include="..\..\..\..\..\UtilsProgrammerDir\myInclude\tgbot\types\Animation.h">
      <Filter>tgbot\types</Filter>
    </ClInclude>
    <ClInclude Include="..\..\..\..\..\UtilsProgrammerDir\myInclude\tgbot\types\Audio.h">
      <Filter>tgbot\types</Filter>
    </ClInclude>
    <ClInclude Include="..\..\..\..\..\UtilsProgrammerDir\myInclude\tgbot\types\CallbackGame.h">
      <Filter>tgbot\types</Filter>
    </ClInclude>
    <ClInclude Include="..\..\..\..\..\UtilsProgrammerDir\myInclude\tgbot\types\CallbackQuery.h">
      <Filter>tgbot\types</Filter>
    </ClInclude>
    <ClInclude Include="..\..\..\..\..\UtilsProgrammerDir\myInclude\tgbot\types\Chat.h">
      <Filter>tgbot\types</Filter>
    </ClInclude>
    <ClInclude Include="..\..\..\..\..\UtilsProgrammerDir\myInclude\tgbot\types\ChatMember.h">
      <Filter>tgbot\types</Filter>
    </ClInclude>
    <ClInclude Include="..\..\..\..\..\UtilsProgrammerDir\myInclude\tgbot\types\ChatPhoto.h">
      <Filter>tgbot\types</Filter>
    </ClInclude>
    <ClInclude Include="..\..\..\..\..\UtilsProgrammerDir\myInclude\tgbot\types\ChosenInlineResult.h">
      <Filter>tgbot\types</Filter>
    </ClInclude>
    <ClInclude Include="..\..\..\..\..\UtilsProgrammerDir\myInclude\tgbot\types\Contact.h">
      <Filter>tgbot\types</Filter>
    </ClInclude>
    <ClInclude Include="..\..\..\..\..\UtilsProgrammerDir\myInclude\tgbot\types\Document.h">
      <Filter>tgbot\types</Filter>
    </ClInclude>
    <ClInclude Include="..\..\..\..\..\UtilsProgrammerDir\myInclude\tgbot\types\File.h">
      <Filter>tgbot\types</Filter>
    </ClInclude>
    <ClInclude Include="..\..\..\..\..\UtilsProgrammerDir\myInclude\tgbot\types\ForceReply.h">
      <Filter>tgbot\types</Filter>
    </ClInclude>
    <ClInclude Include="..\..\..\..\..\UtilsProgrammerDir\myInclude\tgbot\types\Game.h">
      <Filter>tgbot\types</Filter>
    </ClInclude>
    <ClInclude Include="..\..\..\..\..\UtilsProgrammerDir\myInclude\tgbot\types\GameHighScore.h">
      <Filter>tgbot\types</Filter>
    </ClInclude>
    <ClInclude Include="..\..\..\..\..\UtilsProgrammerDir\myInclude\tgbot\types\GenericReply.h">
      <Filter>tgbot\types</Filter>
    </ClInclude>
    <ClInclude Include="..\..\..\..\..\UtilsProgrammerDir\myInclude\tgbot\types\InlineKeyboardButton.h">
      <Filter>tgbot\types</Filter>
    </ClInclude>
    <ClInclude Include="..\..\..\..\..\UtilsProgrammerDir\myInclude\tgbot\types\InlineKeyboardMarkup.h">
      <Filter>tgbot\types</Filter>
    </ClInclude>
    <ClInclude Include="..\..\..\..\..\UtilsProgrammerDir\myInclude\tgbot\types\InlineQuery.h">
      <Filter>tgbot\types</Filter>
    </ClInclude>
    <ClInclude Include="..\..\..\..\..\UtilsProgrammerDir\myInclude\tgbot\types\InlineQueryResult.h">
      <Filter>tgbot\types</Filter>
    </ClInclude>
    <ClInclude Include="..\..\..\..\..\UtilsProgrammerDir\myInclude\tgbot\types\InlineQueryResultArticle.h">
      <Filter>tgbot\types</Filter>
    </ClInclude>
    <ClInclude Include="..\..\..\..\..\UtilsProgrammerDir\myInclude\tgbot\types\InlineQueryResultAudio.h">
      <Filter>tgbot\types</Filter>
    </ClInclude>
    <ClInclude Include="..\..\..\..\..\UtilsProgrammerDir\myInclude\tgbot\types\InlineQueryResultCachedAudio.h">
      <Filter>tgbot\types</Filter>
    </ClInclude>
    <ClInclude Include="..\..\..\..\..\UtilsProgrammerDir\myInclude\tgbot\types\InlineQueryResultCachedDocument.h">
      <Filter>tgbot\types</Filter>
    </ClInclude>
    <ClInclude Include="..\..\..\..\..\UtilsProgrammerDir\myInclude\tgbot\types\InlineQueryResultCachedGif.h">
      <Filter>tgbot\types</Filter>
    </ClInclude>
    <ClInclude Include="..\..\..\..\..\UtilsProgrammerDir\myInclude\tgbot\types\InlineQueryResultCachedMpeg4Gif.h">
      <Filter>tgbot\types</Filter>
    </ClInclude>
    <ClInclude Include="..\..\..\..\..\UtilsProgrammerDir\myInclude\tgbot\types\InlineQueryResultCachedPhoto.h">
      <Filter>tgbot\types</Filter>
    </ClInclude>
    <ClInclude Include="..\..\..\..\..\UtilsProgrammerDir\myInclude\tgbot\types\InlineQueryResultCachedSticker.h">
      <Filter>tgbot\types</Filter>
    </ClInclude>
    <ClInclude Include="..\..\..\..\..\UtilsProgrammerDir\myInclude\tgbot\types\InlineQueryResultCachedVideo.h">
      <Filter>tgbot\types</Filter>
    </ClInclude>
    <ClInclude Include="..\..\..\..\..\UtilsProgrammerDir\myInclude\tgbot\types\InlineQueryResultCachedVoice.h">
      <Filter>tgbot\types</Filter>
    </ClInclude>
    <ClInclude Include="..\..\..\..\..\UtilsProgrammerDir\myInclude\tgbot\types\InlineQueryResultContact.h">
      <Filter>tgbot\types</Filter>
    </ClInclude>
    <ClInclude Include="..\..\..\..\..\UtilsProgrammerDir\myInclude\tgbot\types\InlineQueryResultDocument.h">
      <Filter>tgbot\types</Filter>
    </ClInclude>
    <ClInclude Include="..\..\..\..\..\UtilsProgrammerDir\myInclude\tgbot\types\InlineQueryResultGame.h">
      <Filter>tgbot\types</Filter>
    </ClInclude>
    <ClInclude Include="..\..\..\..\..\UtilsProgrammerDir\myInclude\tgbot\types\InlineQueryResultGif.h">
      <Filter>tgbot\types</Filter>
    </ClInclude>
    <ClInclude Include="..\..\..\..\..\UtilsProgrammerDir\myInclude\tgbot\types\InlineQueryResultLocation.h">
      <Filter>tgbot\types</Filter>
    </ClInclude>
    <ClInclude Include="..\..\..\..\..\UtilsProgrammerDir\myInclude\tgbot\types\InlineQueryResultMpeg4Gif.h">
      <Filter>tgbot\types</Filter>
    </ClInclude>
    <ClInclude Include="..\..\..\..\..\UtilsProgrammerDir\myInclude\tgbot\types\InlineQueryResultPhoto.h">
      <Filter>tgbot\types</Filter>
    </ClInclude>
    <ClInclude Include="..\..\..\..\..\UtilsProgrammerDir\myInclude\tgbot\types\InlineQueryResultVenue.h">
      <Filter>tgbot\types</Filter>
    </ClInclude>
    <ClInclude Include="..\..\..\..\..\UtilsProgrammerDir\myInclude\tgbot\types\InlineQueryResultVideo.h">
      <Filter>tgbot\types</Filter>
    </ClInclude>
    <ClInclude Include="..\..\..\..\..\UtilsProgrammerDir\myInclude\tgbot\types\InlineQueryResultVoice.h">
      <Filter>tgbot\types</Filter>
    </ClInclude>
    <ClInclude Include="..\..\..\..\..\UtilsProgrammerDir\myInclude\tgbot\types\InputContactMessageContent.h">
      <Filter>tgbot\types</Filter>
    </ClInclude>
    <ClInclude Include="..\..\..\..\..\UtilsProgrammerDir\myInclude\tgbot\types\InputFile.h">
      <Filter>tgbot\types</Filter>
    </ClInclude>
    <ClInclude Include="..\..\..\..\..\UtilsProgrammerDir\myInclude\tgbot\types\InputLocationMessageContent.h">
      <Filter>tgbot\types</Filter>
    </ClInclude>
    <ClInclude Include="..\..\..\..\..\UtilsProgrammerDir\myInclude\tgbot\types\InputMedia.h">
      <Filter>tgbot\types</Filter>
    </ClInclude>
    <ClInclude Include="..\..\..\..\..\UtilsProgrammerDir\myInclude\tgbot\types\InputMediaAnimation.h">
      <Filter>tgbot\types</Filter>
    </ClInclude>
    <ClInclude Include="..\..\..\..\..\UtilsProgrammerDir\myInclude\tgbot\types\InputMediaAudio.h">
      <Filter>tgbot\types</Filter>
    </ClInclude>
    <ClInclude Include="..\..\..\..\..\UtilsProgrammerDir\myInclude\tgbot\types\InputMediaDocument.h">
      <Filter>tgbot\types</Filter>
    </ClInclude>
    <ClInclude Include="..\..\..\..\..\UtilsProgrammerDir\myInclude\tgbot\types\InputMediaPhoto.h">
      <Filter>tgbot\types</Filter>
    </ClInclude>
    <ClInclude Include="..\..\..\..\..\UtilsProgrammerDir\myInclude\tgbot\types\InputMediaVideo.h">
      <Filter>tgbot\types</Filter>
    </ClInclude>
    <ClInclude Include="..\..\..\..\..\UtilsProgrammerDir\myInclude\tgbot\types\InputMessageContent.h">
      <Filter>tgbot\types</Filter>
    </ClInclude>
    <ClInclude Include="..\..\..\..\..\UtilsProgrammerDir\myInclude\tgbot\types\InputTextMessageContent.h">
      <Filter>tgbot\types</Filter>
    </ClInclude>
    <ClInclude Include="..\..\..\..\..\UtilsProgrammerDir\myInclude\tgbot\types\InputVenueMessageContent.h">
      <Filter>tgbot\types</Filter>
    </ClInclude>
    <ClInclude Include="..\..\..\..\..\UtilsProgrammerDir\myInclude\tgbot\types\Invoice.h">
      <Filter>tgbot\types</Filter>
    </ClInclude>
    <ClInclude Include="..\..\..\..\..\UtilsProgrammerDir\myInclude\tgbot\types\KeyboardButton.h">
      <Filter>tgbot\types</Filter>
    </ClInclude>
    <ClInclude Include="..\..\..\..\..\UtilsProgrammerDir\myInclude\tgbot\types\LabeledPrice.h">
      <Filter>tgbot\types</Filter>
    </ClInclude>
    <ClInclude Include="..\..\..\..\..\UtilsProgrammerDir\myInclude\tgbot\types\Location.h">
      <Filter>tgbot\types</Filter>
    </ClInclude>
    <ClInclude Include="..\..\..\..\..\UtilsProgrammerDir\myInclude\tgbot\types\MaskPosition.h">
      <Filter>tgbot\types</Filter>
    </ClInclude>
    <ClInclude Include="..\..\..\..\..\UtilsProgrammerDir\myInclude\tgbot\types\Message.h">
      <Filter>tgbot\types</Filter>
    </ClInclude>
    <ClInclude Include="..\..\..\..\..\UtilsProgrammerDir\myInclude\tgbot\types\MessageEntity.h">
      <Filter>tgbot\types</Filter>
    </ClInclude>
    <ClInclude Include="..\..\..\..\..\UtilsProgrammerDir\myInclude\tgbot\types\OrderInfo.h">
      <Filter>tgbot\types</Filter>
    </ClInclude>
    <ClInclude Include="..\..\..\..\..\UtilsProgrammerDir\myInclude\tgbot\types\PhotoSize.h">
      <Filter>tgbot\types</Filter>
    </ClInclude>
    <ClInclude Include="..\..\..\..\..\UtilsProgrammerDir\myInclude\tgbot\types\PreCheckoutQuery.h">
      <Filter>tgbot\types</Filter>
    </ClInclude>
    <ClInclude Include="..\..\..\..\..\UtilsProgrammerDir\myInclude\tgbot\types\ReplyKeyboardMarkup.h">
      <Filter>tgbot\types</Filter>
    </ClInclude>
    <ClInclude Include="..\..\..\..\..\UtilsProgrammerDir\myInclude\tgbot\types\ReplyKeyboardRemove.h">
      <Filter>tgbot\types</Filter>
    </ClInclude>
    <ClInclude Include="..\..\..\..\..\UtilsProgrammerDir\myInclude\tgbot\types\ResponseParameters.h">
      <Filter>tgbot\types</Filter>
    </ClInclude>
    <ClInclude Include="..\..\..\..\..\UtilsProgrammerDir\myInclude\tgbot\types\ShippingAddress.h">
      <Filter>tgbot\types</Filter>
    </ClInclude>
    <ClInclude Include="..\..\..\..\..\UtilsProgrammerDir\myInclude\tgbot\types\ShippingOption.h">
      <Filter>tgbot\types</Filter>
    </ClInclude>
    <ClInclude Include="..\..\..\..\..\UtilsProgrammerDir\myInclude\tgbot\types\ShippingQuery.h">
      <Filter>tgbot\types</Filter>
    </ClInclude>
    <ClInclude Include="..\..\..\..\..\UtilsProgrammerDir\myInclude\tgbot\types\Sticker.h">
      <Filter>tgbot\types</Filter>
    </ClInclude>
    <ClInclude Include="..\..\..\..\..\UtilsProgrammerDir\myInclude\tgbot\types\StickerSet.h">
      <Filter>tgbot\types</Filter>
    </ClInclude>
    <ClInclude Include="..\..\..\..\..\UtilsProgrammerDir\myInclude\tgbot\types\SuccessfulPayment.h">
      <Filter>tgbot\types</Filter>
    </ClInclude>
    <ClInclude Include="..\..\..\..\..\UtilsProgrammerDir\myInclude\tgbot\types\Update.h">
      <Filter>tgbot\types</Filter>
    </ClInclude>
    <ClInclude Include="..\..\..\..\..\UtilsProgrammerDir\myInclude\tgbot\types\User.h">
      <Filter>tgbot\types</Filter>
    </ClInclude>
    <ClInclude Include="..\..\..\..\..\UtilsProgrammerDir\myInclude\tgbot\types\UserProfilePhotos.h">
      <Filter>tgbot\types</Filter>
    </ClInclude>
    <ClInclude Include="..\..\..\..\..\UtilsProgrammerDir\myInclude\tgbot\types\Venue.h">
      <Filter>tgbot\types</Filter>
    </ClInclude>
    <ClInclude Include="..\..\..\..\..\UtilsProgrammerDir\myInclude\tgbot\types\Video.h">
      <Filter>tgbot\types</Filter>
    </ClInclude>
    <ClInclude Include="..\..\..\..\..\UtilsProgrammerDir\myInclude\tgbot\types\VideoNote.h">
      <Filter>tgbot\types</Filter>
    </ClInclude>
    <ClInclude Include="..\..\..\..\..\UtilsProgrammerDir\myInclude\tgbot\types\Voice.h">
      <Filter>tgbot\types</Filter>
    </ClInclude>
    <ClInclude Include="..\..\..\..\..\UtilsProgrammerDir\myInclude\tgbot\types\WebhookInfo.h">
      <Filter>tgbot\types</Filter>
    </ClInclude>
    <ClInclude Include="..\..\..\..\..\UtilsProgrammerDir\myInclude\tgbot\tools\FileTools.h">
      <Filter>tgbot\tools</Filter>
    </ClInclude>
    <ClInclude Include="..\..\..\..\..\UtilsProgrammerDir\myInclude\tgbot\tools\StringTools.h">
      <Filter>tgbot\tools</Filter>
    </ClInclude>
  </ItemGroup>
</Project>